
Microsoft Visual Studio Solution File, Format Version 12.00
# Visual Studio 2013
VisualStudioVersion = 12.0.31101.0
MinimumVisualStudioVersion = 10.0.40219.1
Project("{FAE04EC0-301F-11D3-BF4B-00C04F79EFBC}") = "Metrics", "Src\Metrics\Metrics.csproj", "{95E29D40-DBEC-49E2-9CC5-26B88966DADE}"
EndProject
Project("{FAE04EC0-301F-11D3-BF4B-00C04F79EFBC}") = "Metrics.Tests", "Src\Metrics.Tests\Metrics.Tests.csproj", "{4E0F8CB9-6919-48B8-8212-BCE75D04E0D9}"
EndProject
Project("{2150E333-8FDC-42A3-9474-1A3956D46DE8}") = ".nuget", ".nuget", "{FE317A5A-E540-401C-994F-353A1349C70B}"
	ProjectSection(SolutionItems) = preProject
		.nuget\NuGet.Config = .nuget\NuGet.Config
		.nuget\NuGet.exe = .nuget\NuGet.exe
		.nuget\NuGet.targets = .nuget\NuGet.targets
		.nuget\packages.config = .nuget\packages.config
	EndProjectSection
EndProject
Project("{2150E333-8FDC-42A3-9474-1A3956D46DE8}") = "Adapters", "Adapters", "{443860DA-6378-47D0-A4AE-4E79975C5E1C}"
EndProject
Project("{FAE04EC0-301F-11D3-BF4B-00C04F79EFBC}") = "Nancy.Metrics", "Src\Adapters\Nancy.Metrics\Nancy.Metrics.csproj", "{FBFF51D8-52F4-4EEF-8498-122A14B37D6C}"
EndProject
Project("{2150E333-8FDC-42A3-9474-1A3956D46DE8}") = "Solution Items", "Solution Items", "{9A42F567-91B0-4FFB-A9AD-DB0D158784EA}"
	ProjectSection(SolutionItems) = preProject
		.travis.yml = .travis.yml
		build.bat = build.bat
		build.sh = build.sh
		CHANGELOG.md = CHANGELOG.md
		create-nuget.bat = create-nuget.bat
		Publishing\Metrics.NET.nuspec = Publishing\Metrics.NET.nuspec
		Publishing\Nancy.Metrics.nuspec = Publishing\Nancy.Metrics.nuspec
		Publishing\Owin.Metrics.nuspec = Publishing\Owin.Metrics.nuspec
		Publishing\push-nuget.bat = Publishing\push-nuget.bat
		README.md = README.md
		SharedAssemblyInfo.cs = SharedAssemblyInfo.cs
	EndProjectSection
EndProject
Project("{FAE04EC0-301F-11D3-BF4B-00C04F79EFBC}") = "Metrics.NLog", "Src\Adapters\Metrics.NLog\Metrics.NLog.csproj", "{68F25A01-AF00-4D57-9D1A-81213E4EF56F}"
EndProject
Project("{FAE04EC0-301F-11D3-BF4B-00C04F79EFBC}") = "Metrics.Central", "Src\Metrics.Central\Metrics.Central.csproj", "{450184A4-9916-4AE5-87F8-A8067105CE40}"
EndProject
Project("{2150E333-8FDC-42A3-9474-1A3956D46DE8}") = "Samples", "Samples", "{DEC3A50A-7243-45C0-9995-F829BFF99453}"
EndProject
Project("{FAE04EC0-301F-11D3-BF4B-00C04F79EFBC}") = "Metrics.SamplesConsole", "Samples\Metrics.SamplesConsole\Metrics.SamplesConsole.csproj", "{7416F90D-FFD6-4E34-8638-5234C8B9EC39}"
EndProject
Project("{FAE04EC0-301F-11D3-BF4B-00C04F79EFBC}") = "Metrics.Samples", "Samples\Metrics.Samples\Metrics.Samples.csproj", "{D08A63D0-F440-477C-9565-1264AE0879D0}"
EndProject
Project("{FAE04EC0-301F-11D3-BF4B-00C04F79EFBC}") = "Metrics.SampleReporter", "Samples\Metrics.SampleReporter\Metrics.SampleReporter.csproj", "{18E808CB-98F9-4754-9872-D3D00F9CE72B}"
EndProject
Project("{F2A71F9B-5D33-465A-A702-920D77279786}") = "Metrics.Samples.FSharp", "Samples\Metrics.Samples.FSharp\Metrics.Samples.FSharp.fsproj", "{DAF70394-CE63-4D2F-B52B-839941827B4E}"
EndProject
Project("{FAE04EC0-301F-11D3-BF4B-00C04F79EFBC}") = "Metrics.StupidBenchmarks", "Samples\Metrics.StupidBenchmarks\Metrics.StupidBenchmarks.csproj", "{A9074D3E-3421-483D-AF98-4AAEEED11ECA}"
EndProject
Project("{FAE04EC0-301F-11D3-BF4B-00C04F79EFBC}") = "NancyFx.Sample", "Samples\NancyFx.Sample\NancyFx.Sample.csproj", "{B7C6EF21-0797-4B53-A917-1CFF8267CD67}"
EndProject
Project("{FAE04EC0-301F-11D3-BF4B-00C04F79EFBC}") = "Owin.Sample", "Samples\Owin.Sample\Owin.Sample.csproj", "{828188F9-26C2-4C93-A156-D9EA13D7E2FA}"
EndProject
Project("{FAE04EC0-301F-11D3-BF4B-00C04F79EFBC}") = "Owin.Metrics", "Src\Adapters\Owin.Metrics\Owin.Metrics.csproj", "{025CD6D0-1A1E-4B14-A7DB-AF5DFF887210}"
EndProject
Project("{2150E333-8FDC-42A3-9474-1A3956D46DE8}") = "Tests", "Tests", "{2E004760-A644-4312-8489-6057B8B7554A}"
EndProject
Project("{FAE04EC0-301F-11D3-BF4B-00C04F79EFBC}") = "Metrics.TestConsole", "Src\Metrics.TestConsole\Metrics.TestConsole.csproj", "{1E8F49B4-B8D9-4932-909D-821AEFB869B0}"
EndProject
Project("{FAE04EC0-301F-11D3-BF4B-00C04F79EFBC}") = "Metrics.AspSample", "Samples\Metrics.AspSample\Metrics.AspSample.csproj", "{83F38EB9-504D-4B85-A181-7309EA08FAC2}"
EndProject
Global
	GlobalSection(SolutionConfigurationPlatforms) = preSolution
		Debug|Any CPU = Debug|Any CPU
		Release|Any CPU = Release|Any CPU
	EndGlobalSection
	GlobalSection(ProjectConfigurationPlatforms) = postSolution
		{95E29D40-DBEC-49E2-9CC5-26B88966DADE}.Debug|Any CPU.ActiveCfg = Debug|Any CPU
		{95E29D40-DBEC-49E2-9CC5-26B88966DADE}.Debug|Any CPU.Build.0 = Debug|Any CPU
		{95E29D40-DBEC-49E2-9CC5-26B88966DADE}.Release|Any CPU.ActiveCfg = Release|Any CPU
		{95E29D40-DBEC-49E2-9CC5-26B88966DADE}.Release|Any CPU.Build.0 = Release|Any CPU
		{4E0F8CB9-6919-48B8-8212-BCE75D04E0D9}.Debug|Any CPU.ActiveCfg = Debug|Any CPU
		{4E0F8CB9-6919-48B8-8212-BCE75D04E0D9}.Debug|Any CPU.Build.0 = Debug|Any CPU
		{4E0F8CB9-6919-48B8-8212-BCE75D04E0D9}.Release|Any CPU.ActiveCfg = Release|Any CPU
		{4E0F8CB9-6919-48B8-8212-BCE75D04E0D9}.Release|Any CPU.Build.0 = Release|Any CPU
		{FBFF51D8-52F4-4EEF-8498-122A14B37D6C}.Debug|Any CPU.ActiveCfg = Debug|Any CPU
		{FBFF51D8-52F4-4EEF-8498-122A14B37D6C}.Debug|Any CPU.Build.0 = Debug|Any CPU
		{FBFF51D8-52F4-4EEF-8498-122A14B37D6C}.Release|Any CPU.ActiveCfg = Release|Any CPU
		{FBFF51D8-52F4-4EEF-8498-122A14B37D6C}.Release|Any CPU.Build.0 = Release|Any CPU
		{68F25A01-AF00-4D57-9D1A-81213E4EF56F}.Debug|Any CPU.ActiveCfg = Debug|Any CPU
		{68F25A01-AF00-4D57-9D1A-81213E4EF56F}.Debug|Any CPU.Build.0 = Debug|Any CPU
		{68F25A01-AF00-4D57-9D1A-81213E4EF56F}.Release|Any CPU.ActiveCfg = Release|Any CPU
		{68F25A01-AF00-4D57-9D1A-81213E4EF56F}.Release|Any CPU.Build.0 = Release|Any CPU
		{450184A4-9916-4AE5-87F8-A8067105CE40}.Debug|Any CPU.ActiveCfg = Debug|Any CPU
		{450184A4-9916-4AE5-87F8-A8067105CE40}.Debug|Any CPU.Build.0 = Debug|Any CPU
		{450184A4-9916-4AE5-87F8-A8067105CE40}.Release|Any CPU.ActiveCfg = Release|Any CPU
		{450184A4-9916-4AE5-87F8-A8067105CE40}.Release|Any CPU.Build.0 = Release|Any CPU
		{7416F90D-FFD6-4E34-8638-5234C8B9EC39}.Debug|Any CPU.ActiveCfg = Debug|Any CPU
		{7416F90D-FFD6-4E34-8638-5234C8B9EC39}.Debug|Any CPU.Build.0 = Debug|Any CPU
		{7416F90D-FFD6-4E34-8638-5234C8B9EC39}.Release|Any CPU.ActiveCfg = Release|Any CPU
		{7416F90D-FFD6-4E34-8638-5234C8B9EC39}.Release|Any CPU.Build.0 = Release|Any CPU
		{D08A63D0-F440-477C-9565-1264AE0879D0}.Debug|Any CPU.ActiveCfg = Debug|Any CPU
		{D08A63D0-F440-477C-9565-1264AE0879D0}.Debug|Any CPU.Build.0 = Debug|Any CPU
		{D08A63D0-F440-477C-9565-1264AE0879D0}.Release|Any CPU.ActiveCfg = Release|Any CPU
		{D08A63D0-F440-477C-9565-1264AE0879D0}.Release|Any CPU.Build.0 = Release|Any CPU
		{18E808CB-98F9-4754-9872-D3D00F9CE72B}.Debug|Any CPU.ActiveCfg = Debug|Any CPU
		{18E808CB-98F9-4754-9872-D3D00F9CE72B}.Debug|Any CPU.Build.0 = Debug|Any CPU
		{18E808CB-98F9-4754-9872-D3D00F9CE72B}.Release|Any CPU.ActiveCfg = Release|Any CPU
		{18E808CB-98F9-4754-9872-D3D00F9CE72B}.Release|Any CPU.Build.0 = Release|Any CPU
		{DAF70394-CE63-4D2F-B52B-839941827B4E}.Debug|Any CPU.ActiveCfg = Debug|Any CPU
		{DAF70394-CE63-4D2F-B52B-839941827B4E}.Debug|Any CPU.Build.0 = Debug|Any CPU
		{DAF70394-CE63-4D2F-B52B-839941827B4E}.Release|Any CPU.ActiveCfg = Release|Any CPU
		{DAF70394-CE63-4D2F-B52B-839941827B4E}.Release|Any CPU.Build.0 = Release|Any CPU
		{A9074D3E-3421-483D-AF98-4AAEEED11ECA}.Debug|Any CPU.ActiveCfg = Debug|Any CPU
		{A9074D3E-3421-483D-AF98-4AAEEED11ECA}.Debug|Any CPU.Build.0 = Debug|Any CPU
		{A9074D3E-3421-483D-AF98-4AAEEED11ECA}.Release|Any CPU.ActiveCfg = Release|Any CPU
		{A9074D3E-3421-483D-AF98-4AAEEED11ECA}.Release|Any CPU.Build.0 = Release|Any CPU
		{B7C6EF21-0797-4B53-A917-1CFF8267CD67}.Debug|Any CPU.ActiveCfg = Debug|Any CPU
		{B7C6EF21-0797-4B53-A917-1CFF8267CD67}.Debug|Any CPU.Build.0 = Debug|Any CPU
		{B7C6EF21-0797-4B53-A917-1CFF8267CD67}.Release|Any CPU.ActiveCfg = Release|Any CPU
		{B7C6EF21-0797-4B53-A917-1CFF8267CD67}.Release|Any CPU.Build.0 = Release|Any CPU
		{828188F9-26C2-4C93-A156-D9EA13D7E2FA}.Debug|Any CPU.ActiveCfg = Debug|Any CPU
		{828188F9-26C2-4C93-A156-D9EA13D7E2FA}.Debug|Any CPU.Build.0 = Debug|Any CPU
		{828188F9-26C2-4C93-A156-D9EA13D7E2FA}.Release|Any CPU.ActiveCfg = Release|Any CPU
		{828188F9-26C2-4C93-A156-D9EA13D7E2FA}.Release|Any CPU.Build.0 = Release|Any CPU
		{025CD6D0-1A1E-4B14-A7DB-AF5DFF887210}.Debug|Any CPU.ActiveCfg = Debug|Any CPU
		{025CD6D0-1A1E-4B14-A7DB-AF5DFF887210}.Debug|Any CPU.Build.0 = Debug|Any CPU
		{025CD6D0-1A1E-4B14-A7DB-AF5DFF887210}.Release|Any CPU.ActiveCfg = Release|Any CPU
		{025CD6D0-1A1E-4B14-A7DB-AF5DFF887210}.Release|Any CPU.Build.0 = Release|Any CPU
		{1E8F49B4-B8D9-4932-909D-821AEFB869B0}.Debug|Any CPU.ActiveCfg = Debug|Any CPU
		{1E8F49B4-B8D9-4932-909D-821AEFB869B0}.Debug|Any CPU.Build.0 = Debug|Any CPU
		{1E8F49B4-B8D9-4932-909D-821AEFB869B0}.Release|Any CPU.ActiveCfg = Release|Any CPU
		{1E8F49B4-B8D9-4932-909D-821AEFB869B0}.Release|Any CPU.Build.0 = Release|Any CPU
		{83F38EB9-504D-4B85-A181-7309EA08FAC2}.Debug|Any CPU.ActiveCfg = Debug|Any CPU
		{83F38EB9-504D-4B85-A181-7309EA08FAC2}.Debug|Any CPU.Build.0 = Debug|Any CPU
		{83F38EB9-504D-4B85-A181-7309EA08FAC2}.Release|Any CPU.ActiveCfg = Release|Any CPU
		{83F38EB9-504D-4B85-A181-7309EA08FAC2}.Release|Any CPU.Build.0 = Release|Any CPU
	EndGlobalSection
	GlobalSection(SolutionProperties) = preSolution
		HideSolutionNode = FALSE
	EndGlobalSection
	GlobalSection(NestedProjects) = preSolution
		{4E0F8CB9-6919-48B8-8212-BCE75D04E0D9} = {2E004760-A644-4312-8489-6057B8B7554A}
		{FBFF51D8-52F4-4EEF-8498-122A14B37D6C} = {443860DA-6378-47D0-A4AE-4E79975C5E1C}
		{68F25A01-AF00-4D57-9D1A-81213E4EF56F} = {443860DA-6378-47D0-A4AE-4E79975C5E1C}
		{7416F90D-FFD6-4E34-8638-5234C8B9EC39} = {DEC3A50A-7243-45C0-9995-F829BFF99453}
		{D08A63D0-F440-477C-9565-1264AE0879D0} = {DEC3A50A-7243-45C0-9995-F829BFF99453}
		{18E808CB-98F9-4754-9872-D3D00F9CE72B} = {DEC3A50A-7243-45C0-9995-F829BFF99453}
		{DAF70394-CE63-4D2F-B52B-839941827B4E} = {DEC3A50A-7243-45C0-9995-F829BFF99453}
		{A9074D3E-3421-483D-AF98-4AAEEED11ECA} = {DEC3A50A-7243-45C0-9995-F829BFF99453}
		{B7C6EF21-0797-4B53-A917-1CFF8267CD67} = {DEC3A50A-7243-45C0-9995-F829BFF99453}
		{828188F9-26C2-4C93-A156-D9EA13D7E2FA} = {DEC3A50A-7243-45C0-9995-F829BFF99453}
		{025CD6D0-1A1E-4B14-A7DB-AF5DFF887210} = {443860DA-6378-47D0-A4AE-4E79975C5E1C}
		{1E8F49B4-B8D9-4932-909D-821AEFB869B0} = {2E004760-A644-4312-8489-6057B8B7554A}
		{83F38EB9-504D-4B85-A181-7309EA08FAC2} = {DEC3A50A-7243-45C0-9995-F829BFF99453}
	EndGlobalSection
EndGlobal
