
Microsoft Visual Studio Solution File, Format Version 12.00
# Visual Studio 2012
Project("{FAE04EC0-301F-11D3-BF4B-00C04F79EFBC}") = "Metrics", "Src\Metrics\Metrics.csproj", "{95E29D40-DBEC-49E2-9CC5-26B88966DADE}"
EndProject
Project("{FAE04EC0-301F-11D3-BF4B-00C04F79EFBC}") = "Metrics.Tests", "Src\Metrics.Tests\Metrics.Tests.csproj", "{4E0F8CB9-6919-48B8-8212-BCE75D04E0D9}"
EndProject
Project("{2150E333-8FDC-42A3-9474-1A3956D46DE8}") = ".nuget", ".nuget", "{FE317A5A-E540-401C-994F-353A1349C70B}"
	ProjectSection(SolutionItems) = preProject
		.nuget\NuGet.Config = .nuget\NuGet.Config
		.nuget\NuGet.exe = .nuget\NuGet.exe
		.nuget\NuGet.targets = .nuget\NuGet.targets
	EndProjectSection
EndProject
Project("{2150E333-8FDC-42A3-9474-1A3956D46DE8}") = "Samples", "Samples", "{30108C17-0671-4786-90D0-0564718C3F70}"
EndProject
Project("{FAE04EC0-301F-11D3-BF4B-00C04F79EFBC}") = "NancyFx.Sample", "Samples\NancyFx.Sample\NancyFx.Sample.csproj", "{B7C6EF21-0797-4B53-A917-1CFF8267CD67}"
EndProject
Project("{FAE04EC0-301F-11D3-BF4B-00C04F79EFBC}") = "Metrics.Samples", "Samples\Metrics.Samples\Metrics.Samples.csproj", "{D08A63D0-F440-477C-9565-1264AE0879D0}"
EndProject
Project("{FAE04EC0-301F-11D3-BF4B-00C04F79EFBC}") = "Metrics.SamplesConsole", "Samples\Metrics.SamplesConsole\Metrics.SamplesConsole.csproj", "{7416F90D-FFD6-4E34-8638-5234C8B9EC39}"
EndProject
Project("{FAE04EC0-301F-11D3-BF4B-00C04F79EFBC}") = "Metrics.StupidBenchmarks", "Samples\Metrics.StupidBenchmarks\Metrics.StupidBenchmarks.csproj", "{A9074D3E-3421-483D-AF98-4AAEEED11ECA}"
EndProject
Project("{2150E333-8FDC-42A3-9474-1A3956D46DE8}") = "Adapters", "Adapters", "{443860DA-6378-47D0-A4AE-4E79975C5E1C}"
EndProject
Project("{FAE04EC0-301F-11D3-BF4B-00C04F79EFBC}") = "Nancy.Metrics", "Src\Adapters\Nancy.Metrics\Nancy.Metrics.csproj", "{FBFF51D8-52F4-4EEF-8498-122A14B37D6C}"
EndProject
Project("{2150E333-8FDC-42A3-9474-1A3956D46DE8}") = "Solution Items", "Solution Items", "{9A42F567-91B0-4FFB-A9AD-DB0D158784EA}"
	ProjectSection(SolutionItems) = preProject
		.travis.yml = .travis.yml
		build.bat = build.bat
		build.sh = build.sh
		create-nuget.bat = create-nuget.bat
		Publishing\Metrics.NET.nuspec = Publishing\Metrics.NET.nuspec
		Publishing\NancyFx.Metrics.nuspec = Publishing\NancyFx.Metrics.nuspec
		Publishing\push-nuget.bat = Publishing\push-nuget.bat
		README.md = README.md
		SharedAssemblyInfo.cs = SharedAssemblyInfo.cs
	EndProjectSection
EndProject
Project("{F2A71F9B-5D33-465A-A702-920D77279786}") = "Metrics.Samples.FSharp", "Samples\Metrics.Samples.FSharp\Metrics.Samples.FSharp.fsproj", "{DAF70394-CE63-4D2F-B52B-839941827B4E}"
EndProject
Project("{2150E333-8FDC-42A3-9474-1A3956D46DE8}") = "Reporters", "Reporters", "{0D1F2FCA-9A26-4DAF-A289-FDB4860272FF}"
EndProject
Project("{FAE04EC0-301F-11D3-BF4B-00C04F79EFBC}") = "Metrics.RollingCsvReporter", "Src\Reporters\Metrics.RollingCsvReporter\Metrics.RollingCsvReporter.csproj", "{D8C1DEED-C61A-4101-A0B3-3E54C334DC44}"
EndProject
Project("{FAE04EC0-301F-11D3-BF4B-00C04F79EFBC}") = "Metrics.RollingCsvReporter.Tests", "Src\Reporters\Metrics.RollingCsvReporter.Tests\Metrics.RollingCsvReporter.Tests.csproj", "{9D984573-972A-408E-A890-4F66212B3061}"
EndProject
Global
	GlobalSection(SolutionConfigurationPlatforms) = preSolution
		Debug|Any CPU = Debug|Any CPU
		MonoDebug|Any CPU = MonoDebug|Any CPU
		MonoRelease|Any CPU = MonoRelease|Any CPU
		Release|Any CPU = Release|Any CPU
	EndGlobalSection
	GlobalSection(ProjectConfigurationPlatforms) = postSolution
		{95E29D40-DBEC-49E2-9CC5-26B88966DADE}.Debug|Any CPU.ActiveCfg = Debug|Any CPU
		{95E29D40-DBEC-49E2-9CC5-26B88966DADE}.Debug|Any CPU.Build.0 = Debug|Any CPU
		{95E29D40-DBEC-49E2-9CC5-26B88966DADE}.MonoDebug|Any CPU.ActiveCfg = MonoDebug|Any CPU
		{95E29D40-DBEC-49E2-9CC5-26B88966DADE}.MonoDebug|Any CPU.Build.0 = MonoDebug|Any CPU
		{95E29D40-DBEC-49E2-9CC5-26B88966DADE}.MonoRelease|Any CPU.ActiveCfg = MonoRelease|Any CPU
		{95E29D40-DBEC-49E2-9CC5-26B88966DADE}.MonoRelease|Any CPU.Build.0 = MonoRelease|Any CPU
		{95E29D40-DBEC-49E2-9CC5-26B88966DADE}.Release|Any CPU.ActiveCfg = Release|Any CPU
		{95E29D40-DBEC-49E2-9CC5-26B88966DADE}.Release|Any CPU.Build.0 = Release|Any CPU
		{4E0F8CB9-6919-48B8-8212-BCE75D04E0D9}.Debug|Any CPU.ActiveCfg = Debug|Any CPU
		{4E0F8CB9-6919-48B8-8212-BCE75D04E0D9}.Debug|Any CPU.Build.0 = Debug|Any CPU
		{4E0F8CB9-6919-48B8-8212-BCE75D04E0D9}.MonoDebug|Any CPU.ActiveCfg = MonoDebug|Any CPU
		{4E0F8CB9-6919-48B8-8212-BCE75D04E0D9}.MonoDebug|Any CPU.Build.0 = MonoDebug|Any CPU
		{4E0F8CB9-6919-48B8-8212-BCE75D04E0D9}.MonoRelease|Any CPU.ActiveCfg = MonoRelease|Any CPU
		{4E0F8CB9-6919-48B8-8212-BCE75D04E0D9}.MonoRelease|Any CPU.Build.0 = MonoRelease|Any CPU
		{4E0F8CB9-6919-48B8-8212-BCE75D04E0D9}.Release|Any CPU.ActiveCfg = Release|Any CPU
		{4E0F8CB9-6919-48B8-8212-BCE75D04E0D9}.Release|Any CPU.Build.0 = Release|Any CPU
		{B7C6EF21-0797-4B53-A917-1CFF8267CD67}.Debug|Any CPU.ActiveCfg = Debug|Any CPU
		{B7C6EF21-0797-4B53-A917-1CFF8267CD67}.Debug|Any CPU.Build.0 = Debug|Any CPU
		{B7C6EF21-0797-4B53-A917-1CFF8267CD67}.MonoDebug|Any CPU.ActiveCfg = MonoDebug|Any CPU
		{B7C6EF21-0797-4B53-A917-1CFF8267CD67}.MonoDebug|Any CPU.Build.0 = MonoDebug|Any CPU
		{B7C6EF21-0797-4B53-A917-1CFF8267CD67}.MonoRelease|Any CPU.ActiveCfg = MonoRelease|Any CPU
		{B7C6EF21-0797-4B53-A917-1CFF8267CD67}.MonoRelease|Any CPU.Build.0 = MonoRelease|Any CPU
		{B7C6EF21-0797-4B53-A917-1CFF8267CD67}.Release|Any CPU.ActiveCfg = Release|Any CPU
		{B7C6EF21-0797-4B53-A917-1CFF8267CD67}.Release|Any CPU.Build.0 = Release|Any CPU
		{D08A63D0-F440-477C-9565-1264AE0879D0}.Debug|Any CPU.ActiveCfg = Debug|Any CPU
		{D08A63D0-F440-477C-9565-1264AE0879D0}.Debug|Any CPU.Build.0 = Debug|Any CPU
		{D08A63D0-F440-477C-9565-1264AE0879D0}.MonoDebug|Any CPU.ActiveCfg = MonoDebug|Any CPU
		{D08A63D0-F440-477C-9565-1264AE0879D0}.MonoDebug|Any CPU.Build.0 = MonoDebug|Any CPU
		{D08A63D0-F440-477C-9565-1264AE0879D0}.MonoRelease|Any CPU.ActiveCfg = MonoRelease|Any CPU
		{D08A63D0-F440-477C-9565-1264AE0879D0}.MonoRelease|Any CPU.Build.0 = MonoRelease|Any CPU
		{D08A63D0-F440-477C-9565-1264AE0879D0}.Release|Any CPU.ActiveCfg = Release|Any CPU
		{D08A63D0-F440-477C-9565-1264AE0879D0}.Release|Any CPU.Build.0 = Release|Any CPU
		{7416F90D-FFD6-4E34-8638-5234C8B9EC39}.Debug|Any CPU.ActiveCfg = Debug|Any CPU
		{7416F90D-FFD6-4E34-8638-5234C8B9EC39}.Debug|Any CPU.Build.0 = Debug|Any CPU
		{7416F90D-FFD6-4E34-8638-5234C8B9EC39}.MonoDebug|Any CPU.ActiveCfg = MonoDebug|Any CPU
		{7416F90D-FFD6-4E34-8638-5234C8B9EC39}.MonoDebug|Any CPU.Build.0 = MonoDebug|Any CPU
		{7416F90D-FFD6-4E34-8638-5234C8B9EC39}.MonoRelease|Any CPU.ActiveCfg = MonoRelease|Any CPU
		{7416F90D-FFD6-4E34-8638-5234C8B9EC39}.MonoRelease|Any CPU.Build.0 = MonoRelease|Any CPU
		{7416F90D-FFD6-4E34-8638-5234C8B9EC39}.Release|Any CPU.ActiveCfg = Release|Any CPU
		{7416F90D-FFD6-4E34-8638-5234C8B9EC39}.Release|Any CPU.Build.0 = Release|Any CPU
		{A9074D3E-3421-483D-AF98-4AAEEED11ECA}.Debug|Any CPU.ActiveCfg = Debug|Any CPU
		{A9074D3E-3421-483D-AF98-4AAEEED11ECA}.Debug|Any CPU.Build.0 = Debug|Any CPU
		{A9074D3E-3421-483D-AF98-4AAEEED11ECA}.MonoDebug|Any CPU.ActiveCfg = MonoDebug|Any CPU
		{A9074D3E-3421-483D-AF98-4AAEEED11ECA}.MonoDebug|Any CPU.Build.0 = MonoDebug|Any CPU
		{A9074D3E-3421-483D-AF98-4AAEEED11ECA}.MonoRelease|Any CPU.ActiveCfg = MonoRelease|Any CPU
		{A9074D3E-3421-483D-AF98-4AAEEED11ECA}.MonoRelease|Any CPU.Build.0 = MonoRelease|Any CPU
		{A9074D3E-3421-483D-AF98-4AAEEED11ECA}.Release|Any CPU.ActiveCfg = Release|Any CPU
		{A9074D3E-3421-483D-AF98-4AAEEED11ECA}.Release|Any CPU.Build.0 = Release|Any CPU
		{FBFF51D8-52F4-4EEF-8498-122A14B37D6C}.Debug|Any CPU.ActiveCfg = Debug|Any CPU
		{FBFF51D8-52F4-4EEF-8498-122A14B37D6C}.Debug|Any CPU.Build.0 = Debug|Any CPU
		{FBFF51D8-52F4-4EEF-8498-122A14B37D6C}.MonoDebug|Any CPU.ActiveCfg = MonoDebug|Any CPU
		{FBFF51D8-52F4-4EEF-8498-122A14B37D6C}.MonoDebug|Any CPU.Build.0 = MonoDebug|Any CPU
		{FBFF51D8-52F4-4EEF-8498-122A14B37D6C}.MonoRelease|Any CPU.ActiveCfg = MonoRelease|Any CPU
		{FBFF51D8-52F4-4EEF-8498-122A14B37D6C}.MonoRelease|Any CPU.Build.0 = MonoRelease|Any CPU
		{FBFF51D8-52F4-4EEF-8498-122A14B37D6C}.Release|Any CPU.ActiveCfg = Release|Any CPU
		{FBFF51D8-52F4-4EEF-8498-122A14B37D6C}.Release|Any CPU.Build.0 = Release|Any CPU
		{DAF70394-CE63-4D2F-B52B-839941827B4E}.Debug|Any CPU.ActiveCfg = Debug|Any CPU
		{DAF70394-CE63-4D2F-B52B-839941827B4E}.Debug|Any CPU.Build.0 = Debug|Any CPU
		{DAF70394-CE63-4D2F-B52B-839941827B4E}.MonoDebug|Any CPU.ActiveCfg = MonoDebug|Any CPU
		{DAF70394-CE63-4D2F-B52B-839941827B4E}.MonoDebug|Any CPU.Build.0 = MonoDebug|Any CPU
		{DAF70394-CE63-4D2F-B52B-839941827B4E}.MonoRelease|Any CPU.ActiveCfg = MonoRelease|Any CPU
		{DAF70394-CE63-4D2F-B52B-839941827B4E}.MonoRelease|Any CPU.Build.0 = MonoRelease|Any CPU
		{DAF70394-CE63-4D2F-B52B-839941827B4E}.Release|Any CPU.ActiveCfg = Release|Any CPU
		{DAF70394-CE63-4D2F-B52B-839941827B4E}.Release|Any CPU.Build.0 = Release|Any CPU
		{D8C1DEED-C61A-4101-A0B3-3E54C334DC44}.Debug|Any CPU.ActiveCfg = Debug|Any CPU
		{D8C1DEED-C61A-4101-A0B3-3E54C334DC44}.Debug|Any CPU.Build.0 = Debug|Any CPU
		{D8C1DEED-C61A-4101-A0B3-3E54C334DC44}.MonoDebug|Any CPU.ActiveCfg = MonoDebug|Any CPU
		{D8C1DEED-C61A-4101-A0B3-3E54C334DC44}.MonoDebug|Any CPU.Build.0 = MonoDebug|Any CPU
		{D8C1DEED-C61A-4101-A0B3-3E54C334DC44}.MonoRelease|Any CPU.ActiveCfg = MonoRelease|Any CPU
		{D8C1DEED-C61A-4101-A0B3-3E54C334DC44}.MonoRelease|Any CPU.Build.0 = MonoRelease|Any CPU
		{D8C1DEED-C61A-4101-A0B3-3E54C334DC44}.Release|Any CPU.ActiveCfg = Release|Any CPU
		{D8C1DEED-C61A-4101-A0B3-3E54C334DC44}.Release|Any CPU.Build.0 = Release|Any CPU
		{9D984573-972A-408E-A890-4F66212B3061}.Debug|Any CPU.ActiveCfg = Debug|Any CPU
		{9D984573-972A-408E-A890-4F66212B3061}.Debug|Any CPU.Build.0 = Debug|Any CPU
		{9D984573-972A-408E-A890-4F66212B3061}.MonoDebug|Any CPU.ActiveCfg = MonoDebug|Any CPU
		{9D984573-972A-408E-A890-4F66212B3061}.MonoDebug|Any CPU.Build.0 = MonoDebug|Any CPU
		{9D984573-972A-408E-A890-4F66212B3061}.MonoRelease|Any CPU.ActiveCfg = MonoRelease|Any CPU
		{9D984573-972A-408E-A890-4F66212B3061}.MonoRelease|Any CPU.Build.0 = MonoRelease|Any CPU
		{9D984573-972A-408E-A890-4F66212B3061}.Release|Any CPU.ActiveCfg = Release|Any CPU
		{9D984573-972A-408E-A890-4F66212B3061}.Release|Any CPU.Build.0 = Release|Any CPU
	EndGlobalSection
	GlobalSection(SolutionProperties) = preSolution
		HideSolutionNode = FALSE
	EndGlobalSection
	GlobalSection(NestedProjects) = preSolution
		{B7C6EF21-0797-4B53-A917-1CFF8267CD67} = {30108C17-0671-4786-90D0-0564718C3F70}
		{D08A63D0-F440-477C-9565-1264AE0879D0} = {30108C17-0671-4786-90D0-0564718C3F70}
		{7416F90D-FFD6-4E34-8638-5234C8B9EC39} = {30108C17-0671-4786-90D0-0564718C3F70}
		{A9074D3E-3421-483D-AF98-4AAEEED11ECA} = {30108C17-0671-4786-90D0-0564718C3F70}
		{DAF70394-CE63-4D2F-B52B-839941827B4E} = {30108C17-0671-4786-90D0-0564718C3F70}
		{FBFF51D8-52F4-4EEF-8498-122A14B37D6C} = {443860DA-6378-47D0-A4AE-4E79975C5E1C}
		{D8C1DEED-C61A-4101-A0B3-3E54C334DC44} = {0D1F2FCA-9A26-4DAF-A289-FDB4860272FF}
		{9D984573-972A-408E-A890-4F66212B3061} = {0D1F2FCA-9A26-4DAF-A289-FDB4860272FF}
	EndGlobalSection
	GlobalSection(CodealikeProperties) = postSolution
		SolutionGuid = 169deccf-e8f8-4868-80f4-f7f0bb71cb4b
	EndGlobalSection
EndGlobal
