
Microsoft Visual Studio Solution File, Format Version 12.00
# Visual Studio 2013
VisualStudioVersion = 12.0.30110.0
MinimumVisualStudioVersion = 10.0.40219.1
Project("{E24C65DC-7377-472B-9ABA-BC803B73C61A}") = "Metrics.Flot", "http://localhost:64888", "{E5E81E7B-B0F6-4CFB-BDA3-8AD069A07649}"
	ProjectSection(WebsiteProperties) = preProject
		UseIISExpress = "true"
		TargetFrameworkMoniker = ".NETFramework,Version%3Dv4.0"
		Debug.AspNetCompiler.VirtualPath = "/localhost_64888"
		Debug.AspNetCompiler.PhysicalPath = "..\Metrics.Flot\"
		Debug.AspNetCompiler.TargetPath = "PrecompiledWeb\localhost_64888\"
		Debug.AspNetCompiler.Updateable = "true"
		Debug.AspNetCompiler.ForceOverwrite = "true"
		Debug.AspNetCompiler.FixedNames = "false"
		Debug.AspNetCompiler.Debug = "True"
		Release.AspNetCompiler.VirtualPath = "/localhost_64888"
		Release.AspNetCompiler.PhysicalPath = "..\Metrics.Flot\"
		Release.AspNetCompiler.TargetPath = "PrecompiledWeb\localhost_64888\"
		Release.AspNetCompiler.Updateable = "true"
		Release.AspNetCompiler.ForceOverwrite = "true"
		Release.AspNetCompiler.FixedNames = "false"
		Release.AspNetCompiler.Debug = "False"
		SlnRelativePath = "..\Metrics.Flot\"
	EndProjectSection
EndProject
Global
	GlobalSection(CodealikeProperties) = postSolution
		SolutionGuid = 80a0ac14-e456-4187-8b74-5958bce97d4f
	EndGlobalSection
	GlobalSection(SolutionConfigurationPlatforms) = preSolution
		Debug|Any CPU = Debug|Any CPU
	EndGlobalSection
	GlobalSection(ProjectConfigurationPlatforms) = postSolution
		{E5E81E7B-B0F6-4CFB-BDA3-8AD069A07649}.Debug|Any CPU.ActiveCfg = Debug|Any CPU
		{E5E81E7B-B0F6-4CFB-BDA3-8AD069A07649}.Debug|Any CPU.Build.0 = Debug|Any CPU
	EndGlobalSection
	GlobalSection(SolutionProperties) = preSolution
		HideSolutionNode = FALSE
	EndGlobalSection
EndGlobal
